<?xml version="1.0" encoding="utf-8"?>
<Project ToolsVersion="4.0" xmlns="http://schemas.microsoft.com/developer/msbuild/2003">
  <ItemGroup>
    <Filter Include="Source Files">
      <UniqueIdentifier>{4FC737F1-C7A5-4376-A066-2A32D752A2FF}</UniqueIdentifier>
      <Extensions>cpp;c;cc;cxx;def;odl;idl;hpj;bat;asm;asmx</Extensions>
    </Filter>
    <Filter Include="Header Files">
      <UniqueIdentifier>{93995380-89BD-4b04-88EB-625FBE52EBFB}</UniqueIdentifier>
      <Extensions>h;hh;hpp;hxx;hm;inl;inc;ipp;xsd</Extensions>
    </Filter>
    <Filter Include="Resource Files">
      <UniqueIdentifier>{67DA6AB6-F800-4c08-8B7A-83BB121AAD01}</UniqueIdentifier>
      <Extensions>rc;ico;cur;bmp;dlg;rc2;rct;bin;rgs;gif;jpg;jpeg;jpe;resx;tiff;tif;png;wav;mfcribbon-ms</Extensions>
    </Filter>
    <Filter Include="Header Files\opencv2">
      <UniqueIdentifier>{defe3749-d560-444e-b96a-42a633a9fe2e}</UniqueIdentifier>
    </Filter>
    <Filter Include="Header Files\opencv2\aruco">
      <UniqueIdentifier>{0ca781ce-21a9-46fe-b541-3d7e3a57395a}</UniqueIdentifier>
    </Filter>
    <Filter Include="Source Files\opencv2">
      <UniqueIdentifier>{2bdb7ebc-a8a7-452e-b18b-0449026e2f84}</UniqueIdentifier>
    </Filter>
    <Filter Include="Source Files\opencv2\aruco">
      <UniqueIdentifier>{a317b164-acb3-4642-8eae-9484bccaed2a}</UniqueIdentifier>
    </Filter>
  </ItemGroup>
  <ItemGroup>
    <ClInclude Include="framework.h">
      <Filter>Header Files</Filter>
    </ClInclude>
    <ClInclude Include="pch.h">
      <Filter>Header Files</Filter>
    </ClInclude>
    <ClInclude Include="HMDSimOpenCV.h">
      <Filter>Header Files</Filter>
    </ClInclude>
    <ClInclude Include="opencv2\src\apriltag_quad_thresh.hpp">
      <Filter>Header Files\opencv2\aruco</Filter>
    </ClInclude>
    <ClInclude Include="opencv2\src\precomp.hpp">
      <Filter>Header Files\opencv2\aruco</Filter>
    </ClInclude>
    <ClInclude Include="opencv2\src\predefined_dictionaries.hpp">
      <Filter>Header Files\opencv2\aruco</Filter>
    </ClInclude>
    <ClInclude Include="opencv2\src\predefined_dictionaries_apriltag.hpp">
      <Filter>Header Files\opencv2\aruco</Filter>
    </ClInclude>
    <ClInclude Include="opencv2\src\unionfind.hpp">
      <Filter>Header Files\opencv2\aruco</Filter>
    </ClInclude>
    <ClInclude Include="opencv2\src\zarray.hpp">
      <Filter>Header Files\opencv2\aruco</Filter>
    </ClInclude>
    <ClInclude Include="opencv2\src\zmaxheap.hpp">
      <Filter>Header Files\opencv2\aruco</Filter>
    </ClInclude>
  </ItemGroup>
  <ItemGroup>
    <ClCompile Include="dllmain.cpp">
      <Filter>Source Files</Filter>
    </ClCompile>
    <ClCompile Include="pch.cpp">
      <Filter>Source Files</Filter>
    </ClCompile>
    <ClCompile Include="HMDSimOpenCV.cpp">
      <Filter>Source Files</Filter>
    </ClCompile>
    <ClCompile Include="opencv2\src\apriltag_quad_thresh.cpp">
      <Filter>Source Files\opencv2\aruco</Filter>
    </ClCompile>
    <ClCompile Include="opencv2\src\aruco.cpp">
      <Filter>Source Files\opencv2\aruco</Filter>
    </ClCompile>
    <ClCompile Include="opencv2\src\charuco.cpp">
      <Filter>Source Files\opencv2\aruco</Filter>
    </ClCompile>
    <ClCompile Include="opencv2\src\dictionary.cpp">
      <Filter>Source Files\opencv2\aruco</Filter>
    </ClCompile>
    <ClCompile Include="opencv2\src\zmaxheap.cpp">
      <Filter>Source Files\opencv2\aruco</Filter>
    </ClCompile>
  </ItemGroup>
</Project>